
Microsoft Visual Studio Solution File, Format Version 12.00
# Visual Studio 14
VisualStudioVersion = 14.0.25420.1
MinimumVisualStudioVersion = 10.0.40219.1
Project("{FAE04EC0-301F-11D3-BF4B-00C04F79EFBC}") = "Web", "Test2\Web.csproj", "{37B1BE4A-FCEE-4146-8305-6C184F252B0D}"
EndProject
Project("{FAE04EC0-301F-11D3-BF4B-00C04F79EFBC}") = "Common", "Common\Common.csproj", "{06DA4CBB-2C6F-4C01-B21F-2B31FD50299F}"
EndProject
Project("{FAE04EC0-301F-11D3-BF4B-00C04F79EFBC}") = "DataService", "DataService\DataService.csproj", "{798EE349-4ADC-4B9C-A477-304345A29C70}"
EndProject
Project("{FAE04EC0-301F-11D3-BF4B-00C04F79EFBC}") = "Model", "Model\Model.csproj", "{F224CDBE-372F-42D6-BFA1-7EF6B6C161F8}"
EndProject
Global
	GlobalSection(SolutionConfigurationPlatforms) = preSolution
		Debug|Any CPU = Debug|Any CPU
		Release|Any CPU = Release|Any CPU
	EndGlobalSection
	GlobalSection(ProjectConfigurationPlatforms) = postSolution
		{37B1BE4A-FCEE-4146-8305-6C184F252B0D}.Debug|Any CPU.ActiveCfg = Debug|Any CPU
		{37B1BE4A-FCEE-4146-8305-6C184F252B0D}.Debug|Any CPU.Build.0 = Debug|Any CPU
		{37B1BE4A-FCEE-4146-8305-6C184F252B0D}.Release|Any CPU.ActiveCfg = Release|Any CPU
		{37B1BE4A-FCEE-4146-8305-6C184F252B0D}.Release|Any CPU.Build.0 = Release|Any CPU
		{06DA4CBB-2C6F-4C01-B21F-2B31FD50299F}.Debug|Any CPU.ActiveCfg = Debug|Any CPU
		{06DA4CBB-2C6F-4C01-B21F-2B31FD50299F}.Debug|Any CPU.Build.0 = Debug|Any CPU
		{06DA4CBB-2C6F-4C01-B21F-2B31FD50299F}.Release|Any CPU.ActiveCfg = Release|Any CPU
		{06DA4CBB-2C6F-4C01-B21F-2B31FD50299F}.Release|Any CPU.Build.0 = Release|Any CPU
		{798EE349-4ADC-4B9C-A477-304345A29C70}.Debug|Any CPU.ActiveCfg = Debug|Any CPU
		{798EE349-4ADC-4B9C-A477-304345A29C70}.Debug|Any CPU.Build.0 = Debug|Any CPU
		{798EE349-4ADC-4B9C-A477-304345A29C70}.Release|Any CPU.ActiveCfg = Release|Any CPU
		{798EE349-4ADC-4B9C-A477-304345A29C70}.Release|Any CPU.Build.0 = Release|Any CPU
		{F224CDBE-372F-42D6-BFA1-7EF6B6C161F8}.Debug|Any CPU.ActiveCfg = Debug|Any CPU
		{F224CDBE-372F-42D6-BFA1-7EF6B6C161F8}.Debug|Any CPU.Build.0 = Debug|Any CPU
		{F224CDBE-372F-42D6-BFA1-7EF6B6C161F8}.Release|Any CPU.ActiveCfg = Release|Any CPU
		{F224CDBE-372F-42D6-BFA1-7EF6B6C161F8}.Release|Any CPU.Build.0 = Release|Any CPU
	EndGlobalSection
	GlobalSection(SolutionProperties) = preSolution
		HideSolutionNode = FALSE
	EndGlobalSection
EndGlobal
